
Microsoft Visual Studio Solution File, Format Version 12.00
# Visual Studio Version 16
VisualStudioVersion = 16.0.30204.135
MinimumVisualStudioVersion = 10.0.40219.1
Project("{8BC9CEB8-8B4A-11D0-8D11-00A0C91BC942}") = "code_for_ Refact", "code_for_ Refact.vcxproj", "{F569E570-F652-4DB9-8B78-61659C35BECD}"
EndProject
Global
	GlobalSection(SolutionConfigurationPlatforms) = preSolution
		Debug|x64 = Debug|x64
		Debug|x86 = Debug|x86
		Release|x64 = Release|x64
		Release|x86 = Release|x86
	EndGlobalSection
	GlobalSection(ProjectConfigurationPlatforms) = postSolution
		{F569E570-F652-4DB9-8B78-61659C35BECD}.Debug|x64.ActiveCfg = Debug|x64
		{F569E570-F652-4DB9-8B78-61659C35BECD}.Debug|x64.Build.0 = Debug|x64
		{F569E570-F652-4DB9-8B78-61659C35BECD}.Debug|x86.ActiveCfg = Debug|Win32
		{F569E570-F652-4DB9-8B78-61659C35BECD}.Debug|x86.Build.0 = Debug|Win32
		{F569E570-F652-4DB9-8B78-61659C35BECD}.Release|x64.ActiveCfg = Release|x64
		{F569E570-F652-4DB9-8B78-61659C35BECD}.Release|x64.Build.0 = Release|x64
		{F569E570-F652-4DB9-8B78-61659C35BECD}.Release|x86.ActiveCfg = Release|Win32
		{F569E570-F652-4DB9-8B78-61659C35BECD}.Release|x86.Build.0 = Release|Win32
	EndGlobalSection
	GlobalSection(SolutionProperties) = preSolution
		HideSolutionNode = FALSE
	EndGlobalSection
	GlobalSection(ExtensibilityGlobals) = postSolution
		SolutionGuid = {A7D554AA-7EE6-4214-961E-FCD099AF0A9E}
	EndGlobalSection
EndGlobal
